
Microsoft Visual Studio Solution File, Format Version 12.00
# Visual Studio Version 17
VisualStudioVersion = 17.8.34309.116
MinimumVisualStudioVersion = 10.0.40219.1
Project("{9A19103F-16F7-4668-BE54-9A1E7A4F7556}") = "WebApplicationCSharp", "WebApplicationCSharp\WebApplicationCSharp.csproj", "{A23C45C7-DF6C-49B5-AF2D-CE20D67CFFD1}"
	ProjectSection(ProjectDependencies) = postProject
		{3F97A627-0F45-4091-9769-7E162EE11073} = {3F97A627-0F45-4091-9769-7E162EE11073}
		{81A418AE-F93F-49E9-B657-A15BB9813FA6} = {81A418AE-F93F-49E9-B657-A15BB9813FA6}
	EndProjectSection
EndProject
Project("{9A19103F-16F7-4668-BE54-9A1E7A4F7556}") = "WebApplicationCSharp.dto", "WebApplicationCSharp.dto\WebApplicationCSharp.dto.csproj", "{3F97A627-0F45-4091-9769-7E162EE11073}"
EndProject
Project("{9A19103F-16F7-4668-BE54-9A1E7A4F7556}") = "WebApplicationCSharp.Service", "WebApplicationCSharp.Service\WebApplicationCSharp.Service.csproj", "{81A418AE-F93F-49E9-B657-A15BB9813FA6}"
	ProjectSection(ProjectDependencies) = postProject
		{A6A6EC08-E7CF-44B6-B5D7-C2CE4DB72A97} = {A6A6EC08-E7CF-44B6-B5D7-C2CE4DB72A97}
	EndProjectSection
EndProject
Project("{9A19103F-16F7-4668-BE54-9A1E7A4F7556}") = "WebApplicationCSharp.database", "WebApplicationCSharp.database\WebApplicationCSharp.database.csproj", "{A6A6EC08-E7CF-44B6-B5D7-C2CE4DB72A97}"
EndProject
Project("{9A19103F-16F7-4668-BE54-9A1E7A4F7556}") = "WebApplicationCSharp.Repository", "Repository\WebApplicationCSharp.Repository.csproj", "{8D96AB2C-9DDF-49FE-93A9-4282CCFB5EDD}"
	ProjectSection(ProjectDependencies) = postProject
		{3F97A627-0F45-4091-9769-7E162EE11073} = {3F97A627-0F45-4091-9769-7E162EE11073}
	EndProjectSection
EndProject
Global
	GlobalSection(SolutionConfigurationPlatforms) = preSolution
		Debug|Any CPU = Debug|Any CPU
		Release|Any CPU = Release|Any CPU
	EndGlobalSection
	GlobalSection(ProjectConfigurationPlatforms) = postSolution
		{A23C45C7-DF6C-49B5-AF2D-CE20D67CFFD1}.Debug|Any CPU.ActiveCfg = Debug|Any CPU
		{A23C45C7-DF6C-49B5-AF2D-CE20D67CFFD1}.Debug|Any CPU.Build.0 = Debug|Any CPU
		{A23C45C7-DF6C-49B5-AF2D-CE20D67CFFD1}.Release|Any CPU.ActiveCfg = Release|Any CPU
		{A23C45C7-DF6C-49B5-AF2D-CE20D67CFFD1}.Release|Any CPU.Build.0 = Release|Any CPU
		{3F97A627-0F45-4091-9769-7E162EE11073}.Debug|Any CPU.ActiveCfg = Debug|Any CPU
		{3F97A627-0F45-4091-9769-7E162EE11073}.Debug|Any CPU.Build.0 = Debug|Any CPU
		{3F97A627-0F45-4091-9769-7E162EE11073}.Release|Any CPU.ActiveCfg = Release|Any CPU
		{3F97A627-0F45-4091-9769-7E162EE11073}.Release|Any CPU.Build.0 = Release|Any CPU
		{81A418AE-F93F-49E9-B657-A15BB9813FA6}.Debug|Any CPU.ActiveCfg = Debug|Any CPU
		{81A418AE-F93F-49E9-B657-A15BB9813FA6}.Debug|Any CPU.Build.0 = Debug|Any CPU
		{81A418AE-F93F-49E9-B657-A15BB9813FA6}.Release|Any CPU.ActiveCfg = Release|Any CPU
		{81A418AE-F93F-49E9-B657-A15BB9813FA6}.Release|Any CPU.Build.0 = Release|Any CPU
		{A6A6EC08-E7CF-44B6-B5D7-C2CE4DB72A97}.Debug|Any CPU.ActiveCfg = Debug|Any CPU
		{A6A6EC08-E7CF-44B6-B5D7-C2CE4DB72A97}.Debug|Any CPU.Build.0 = Debug|Any CPU
		{A6A6EC08-E7CF-44B6-B5D7-C2CE4DB72A97}.Release|Any CPU.ActiveCfg = Release|Any CPU
		{A6A6EC08-E7CF-44B6-B5D7-C2CE4DB72A97}.Release|Any CPU.Build.0 = Release|Any CPU
		{8D96AB2C-9DDF-49FE-93A9-4282CCFB5EDD}.Debug|Any CPU.ActiveCfg = Debug|Any CPU
		{8D96AB2C-9DDF-49FE-93A9-4282CCFB5EDD}.Debug|Any CPU.Build.0 = Debug|Any CPU
		{8D96AB2C-9DDF-49FE-93A9-4282CCFB5EDD}.Release|Any CPU.ActiveCfg = Release|Any CPU
		{8D96AB2C-9DDF-49FE-93A9-4282CCFB5EDD}.Release|Any CPU.Build.0 = Release|Any CPU
	EndGlobalSection
	GlobalSection(SolutionProperties) = preSolution
		HideSolutionNode = FALSE
	EndGlobalSection
	GlobalSection(ExtensibilityGlobals) = postSolution
		SolutionGuid = {037E6E4F-F85D-435C-8CD5-56EA5A49587D}
	EndGlobalSection
EndGlobal
